// !$*UTF8*$!
{
	archiveVersion = 1;
	classes = {
	};
	objectVersion = 55;
	objects = {

/* Begin PBXBuildFile section */
		1F4E52EE2C2E83EA00610AB3 /* QrCodeScannerApp.swift in Sources */ = {isa = PBXBuildFile; fileRef = 1F4E52ED2C2E83EA00610AB3 /* QrCodeScannerApp.swift */; };
		1F4E52F22C2E83EE00610AB3 /* Assets.xcassets in Resources */ = {isa = PBXBuildFile; fileRef = 1F4E52F12C2E83EE00610AB3 /* Assets.xcassets */; };
		1F4E52F52C2E83EE00610AB3 /* Preview Assets.xcassets in Resources */ = {isa = PBXBuildFile; fileRef = 1F4E52F42C2E83EE00610AB3 /* Preview Assets.xcassets */; };
		1F4E52FD2C2E846B00610AB3 /* ScannerView.swift in Sources */ = {isa = PBXBuildFile; fileRef = 1F4E52FC2C2E846B00610AB3 /* ScannerView.swift */; };
		1F4E52FF2C2E935D00610AB3 /* CameraView.swift in Sources */ = {isa = PBXBuildFile; fileRef = 1F4E52FE2C2E935C00610AB3 /* CameraView.swift */; };
		1F4E53022C2E99D100610AB3 /* CameraPermisson.swift in Sources */ = {isa = PBXBuildFile; fileRef = 1F4E53012C2E99D100610AB3 /* CameraPermisson.swift */; };
		1FDCFD522C2EA6220050CE88 /* QRscannerDelegate.swift in Sources */ = {isa = PBXBuildFile; fileRef = 1FDCFD512C2EA6220050CE88 /* QRscannerDelegate.swift */; };
/* End PBXBuildFile section */

/* Begin PBXFileReference section */
		1F4E52EA2C2E83EA00610AB3 /* QrCodeScanner.app */ = {isa = PBXFileReference; explicitFileType = wrapper.application; includeInIndex = 0; path = QrCodeScanner.app; sourceTree = BUILT_PRODUCTS_DIR; };
		1F4E52ED2C2E83EA00610AB3 /* QrCodeScannerApp.swift */ = {isa = PBXFileReference; lastKnownFileType = sourcecode.swift; path = QrCodeScannerApp.swift; sourceTree = "<group>"; };
		1F4E52F12C2E83EE00610AB3 /* Assets.xcassets */ = {isa = PBXFileReference; lastKnownFileType = folder.assetcatalog; path = Assets.xcassets; sourceTree = "<group>"; };
		1F4E52F42C2E83EE00610AB3 /* Preview Assets.xcassets */ = {isa = PBXFileReference; lastKnownFileType = folder.assetcatalog; path = "Preview Assets.xcassets"; sourceTree = "<group>"; };
		1F4E52FC2C2E846B00610AB3 /* ScannerView.swift */ = {isa = PBXFileReference; lastKnownFileType = sourcecode.swift; path = ScannerView.swift; sourceTree = "<group>"; };
		1F4E52FE2C2E935C00610AB3 /* CameraView.swift */ = {isa = PBXFileReference; lastKnownFileType = sourcecode.swift; path = CameraView.swift; sourceTree = "<group>"; };
		1F4E53012C2E99D100610AB3 /* CameraPermisson.swift */ = {isa = PBXFileReference; lastKnownFileType = sourcecode.swift; path = CameraPermisson.swift; sourceTree = "<group>"; };
		1FDCFD512C2EA6220050CE88 /* QRscannerDelegate.swift */ = {isa = PBXFileReference; lastKnownFileType = sourcecode.swift; path = QRscannerDelegate.swift; sourceTree = "<group>"; };
/* End PBXFileReference section */

/* Begin PBXFrameworksBuildPhase section */
		1F4E52E72C2E83EA00610AB3 /* Frameworks */ = {
			isa = PBXFrameworksBuildPhase;
			buildActionMask = 2147483647;
			files = (
			);
			runOnlyForDeploymentPostprocessing = 0;
		};
/* End PBXFrameworksBuildPhase section */

/* Begin PBXGroup section */
		1F4E52E12C2E83E900610AB3 = {
			isa = PBXGroup;
			children = (
				1F4E52EC2C2E83EA00610AB3 /* QrCodeScanner */,
				1F4E52EB2C2E83EA00610AB3 /* Products */,
			);
			sourceTree = "<group>";
		};
		1F4E52EB2C2E83EA00610AB3 /* Products */ = {
			isa = PBXGroup;
			children = (
				1F4E52EA2C2E83EA00610AB3 /* QrCodeScanner.app */,
			);
			name = Products;
			sourceTree = "<group>";
		};
		1F4E52EC2C2E83EA00610AB3 /* QrCodeScanner */ = {
			isa = PBXGroup;
			children = (
				1F4E53002C2E99B700610AB3 /* Models */,
				1F4E52FB2C2E843600610AB3 /* Views */,
				1F4E52ED2C2E83EA00610AB3 /* QrCodeScannerApp.swift */,
				1F4E52F12C2E83EE00610AB3 /* Assets.xcassets */,
				1F4E52F32C2E83EE00610AB3 /* Preview Content */,
			);
			path = QrCodeScanner;
			sourceTree = "<group>";
		};
		1F4E52F32C2E83EE00610AB3 /* Preview Content */ = {
			isa = PBXGroup;
			children = (
				1F4E52F42C2E83EE00610AB3 /* Preview Assets.xcassets */,
			);
			path = "Preview Content";
			sourceTree = "<group>";
		};
		1F4E52FB2C2E843600610AB3 /* Views */ = {
			isa = PBXGroup;
			children = (
				1F4E52FC2C2E846B00610AB3 /* ScannerView.swift */,
				1F4E52FE2C2E935C00610AB3 /* CameraView.swift */,
			);
			path = Views;
			sourceTree = "<group>";
		};
		1F4E53002C2E99B700610AB3 /* Models */ = {
			isa = PBXGroup;
			children = (
				1F4E53012C2E99D100610AB3 /* CameraPermisson.swift */,
				1FDCFD512C2EA6220050CE88 /* QRscannerDelegate.swift */,
			);
			path = Models;
			sourceTree = "<group>";
		};
/* End PBXGroup section */

/* Begin PBXNativeTarget section */
		1F4E52E92C2E83EA00610AB3 /* QrCodeScanner */ = {
			isa = PBXNativeTarget;
			buildConfigurationList = 1F4E52F82C2E83EE00610AB3 /* Build configuration list for PBXNativeTarget "QrCodeScanner" */;
			buildPhases = (
				1F4E52E62C2E83EA00610AB3 /* Sources */,
				1F4E52E72C2E83EA00610AB3 /* Frameworks */,
				1F4E52E82C2E83EA00610AB3 /* Resources */,
			);
			buildRules = (
			);
			dependencies = (
			);
			name = QrCodeScanner;
			productName = QrCodeScanner;
			productReference = 1F4E52EA2C2E83EA00610AB3 /* QrCodeScanner.app */;
			productType = "com.apple.product-type.application";
		};
/* End PBXNativeTarget section */

/* Begin PBXProject section */
		1F4E52E22C2E83E900610AB3 /* Project object */ = {
			isa = PBXProject;
			attributes = {
				BuildIndependentTargetsInParallel = 1;
				LastSwiftUpdateCheck = 1300;
				LastUpgradeCheck = 1300;
				TargetAttributes = {
					1F4E52E92C2E83EA00610AB3 = {
						CreatedOnToolsVersion = 13.0;
					};
				};
			};
			buildConfigurationList = 1F4E52E52C2E83E900610AB3 /* Build configuration list for PBXProject "QrCodeScanner" */;
			compatibilityVersion = "Xcode 13.0";
			developmentRegion = en;
			hasScannedForEncodings = 0;
			knownRegions = (
				en,
				Base,
			);
			mainGroup = 1F4E52E12C2E83E900610AB3;
			productRefGroup = 1F4E52EB2C2E83EA00610AB3 /* Products */;
			projectDirPath = "";
			projectRoot = "";
			targets = (
				1F4E52E92C2E83EA00610AB3 /* QrCodeScanner */,
			);
		};
/* End PBXProject section */

/* Begin PBXResourcesBuildPhase section */
		1F4E52E82C2E83EA00610AB3 /* Resources */ = {
			isa = PBXResourcesBuildPhase;
			buildActionMask = 2147483647;
			files = (
				1F4E52F52C2E83EE00610AB3 /* Preview Assets.xcassets in Resources */,
				1F4E52F22C2E83EE00610AB3 /* Assets.xcassets in Resources */,
			);
			runOnlyForDeploymentPostprocessing = 0;
		};
/* End PBXResourcesBuildPhase section */

/* Begin PBXSourcesBuildPhase section */
		1F4E52E62C2E83EA00610AB3 /* Sources */ = {
			isa = PBXSourcesBuildPhase;
			buildActionMask = 2147483647;
			files = (
				1F4E52FD2C2E846B00610AB3 /* ScannerView.swift in Sources */,
				1F4E53022C2E99D100610AB3 /* CameraPermisson.swift in Sources */,
				1FDCFD522C2EA6220050CE88 /* QRscannerDelegate.swift in Sources */,
				1F4E52EE2C2E83EA00610AB3 /* QrCodeScannerApp.swift in Sources */,
				1F4E52FF2C2E935D00610AB3 /* CameraView.swift in Sources */,
			);
			runOnlyForDeploymentPostprocessing = 0;
		};
/* End PBXSourcesBuildPhase section */

/* Begin XCBuildConfiguration section */
		1F4E52F62C2E83EE00610AB3 /* Debug */ = {
			isa = XCBuildConfiguration;
			buildSettings = {
				ALWAYS_SEARCH_USER_PATHS = NO;
				CLANG_ANALYZER_NONNULL = YES;
				CLANG_ANALYZER_NUMBER_OBJECT_CONVERSION = YES_AGGRESSIVE;
				CLANG_CXX_LANGUAGE_STANDARD = "gnu++17";
				CLANG_CXX_LIBRARY = "libc++";
				CLANG_ENABLE_MODULES = YES;
				CLANG_ENABLE_OBJC_ARC = YES;
				CLANG_ENABLE_OBJC_WEAK = YES;
				CLANG_WARN_BLOCK_CAPTURE_AUTORELEASING = YES;
				CLANG_WARN_BOOL_CONVERSION = YES;
				CLANG_WARN_COMMA = YES;
				CLANG_WARN_CONSTANT_CONVERSION = YES;
				CLANG_WARN_DEPRECATED_OBJC_IMPLEMENTATIONS = YES;
				CLANG_WARN_DIRECT_OBJC_ISA_USAGE = YES_ERROR;
				CLANG_WARN_DOCUMENTATION_COMMENTS = YES;
				CLANG_WARN_EMPTY_BODY = YES;
				CLANG_WARN_ENUM_CONVERSION = YES;
				CLANG_WARN_INFINITE_RECURSION = YES;
				CLANG_WARN_INT_CONVERSION = YES;
				CLANG_WARN_NON_LITERAL_NULL_CONVERSION = YES;
				CLANG_WARN_OBJC_IMPLICIT_RETAIN_SELF = YES;
				CLANG_WARN_OBJC_LITERAL_CONVERSION = YES;
				CLANG_WARN_OBJC_ROOT_CLASS = YES_ERROR;
				CLANG_WARN_QUOTED_INCLUDE_IN_FRAMEWORK_HEADER = YES;
				CLANG_WARN_RANGE_LOOP_ANALYSIS = YES;
				CLANG_WARN_STRICT_PROTOTYPES = YES;
				CLANG_WARN_SUSPICIOUS_MOVE = YES;
				CLANG_WARN_UNGUARDED_AVAILABILITY = YES_AGGRESSIVE;
				CLANG_WARN_UNREACHABLE_CODE = YES;
				CLANG_WARN__DUPLICATE_METHOD_MATCH = YES;
				COPY_PHASE_STRIP = NO;
				DEBUG_INFORMATION_FORMAT = dwarf;
				ENABLE_STRICT_OBJC_MSGSEND = YES;
				ENABLE_TESTABILITY = YES;
				GCC_C_LANGUAGE_STANDARD = gnu11;
				GCC_DYNAMIC_NO_PIC = NO;
				GCC_NO_COMMON_BLOCKS = YES;
				GCC_OPTIMIZATION_LEVEL = 0;
				GCC_PREPROCESSOR_DEFINITIONS = (
					"DEBUG=1",
					"$(inherited)",
				);
				GCC_WARN_64_TO_32_BIT_CONVERSION = YES;
				GCC_WARN_ABOUT_RETURN_TYPE = YES_ERROR;
				GCC_WARN_UNDECLARED_SELECTOR = YES;
				GCC_WARN_UNINITIALIZED_AUTOS = YES_AGGRESSIVE;
				GCC_WARN_UNUSED_FUNCTION = YES;
				GCC_WARN_UNUSED_VARIABLE = YES;
				IPHONEOS_DEPLOYMENT_TARGET = 15.0;
				MTL_ENABLE_DEBUG_INFO = INCLUDE_SOURCE;
				MTL_FAST_MATH = YES;
				ONLY_ACTIVE_ARCH = YES;
				SDKROOT = iphoneos;
				SWIFT_ACTIVE_COMPILATION_CONDITIONS = DEBUG;
				SWIFT_OPTIMIZATION_LEVEL = "-Onone";
			};
			name = Debug;
		};
		1F4E52F72C2E83EE00610AB3 /* Release */ = {
			isa = XCBuildConfiguration;
			buildSettings = {
				ALWAYS_SEARCH_USER_PATHS = NO;
				CLANG_ANALYZER_NONNULL = YES;
				CLANG_ANALYZER_NUMBER_OBJECT_CONVERSION = YES_AGGRESSIVE;
				CLANG_CXX_LANGUAGE_STANDARD = "gnu++17";
				CLANG_CXX_LIBRARY = "libc++";
				CLANG_ENABLE_MODULES = YES;
				CLANG_ENABLE_OBJC_ARC = YES;
				CLANG_ENABLE_OBJC_WEAK = YES;
				CLANG_WARN_BLOCK_CAPTURE_AUTORELEASING = YES;
				CLANG_WARN_BOOL_CONVERSION = YES;
				CLANG_WARN_COMMA = YES;
				CLANG_WARN_CONSTANT_CONVERSION = YES;
				CLANG_WARN_DEPRECATED_OBJC_IMPLEMENTATIONS = YES;
				CLANG_WARN_DIRECT_OBJC_ISA_USAGE = YES_ERROR;
				CLANG_WARN_DOCUMENTATION_COMMENTS = YES;
				CLANG_WARN_EMPTY_BODY = YES;
				CLANG_WARN_ENUM_CONVERSION = YES;
				CLANG_WARN_INFINITE_RECURSION = YES;
				CLANG_WARN_INT_CONVERSION = YES;
				CLANG_WARN_NON_LITERAL_NULL_CONVERSION = YES;
				CLANG_WARN_OBJC_IMPLICIT_RETAIN_SELF = YES;
				CLANG_WARN_OBJC_LITERAL_CONVERSION = YES;
				CLANG_WARN_OBJC_ROOT_CLASS = YES_ERROR;
				CLANG_WARN_QUOTED_INCLUDE_IN_FRAMEWORK_HEADER = YES;
				CLANG_WARN_RANGE_LOOP_ANALYSIS = YES;
				CLANG_WARN_STRICT_PROTOTYPES = YES;
				CLANG_WARN_SUSPICIOUS_MOVE = YES;
				CLANG_WARN_UNGUARDED_AVAILABILITY = YES_AGGRESSIVE;
				CLANG_WARN_UNREACHABLE_CODE = YES;
				CLANG_WARN__DUPLICATE_METHOD_MATCH = YES;
				COPY_PHASE_STRIP = NO;
				DEBUG_INFORMATION_FORMAT = "dwarf-with-dsym";
				ENABLE_NS_ASSERTIONS = NO;
				ENABLE_STRICT_OBJC_MSGSEND = YES;
				GCC_C_LANGUAGE_STANDARD = gnu11;
				GCC_NO_COMMON_BLOCKS = YES;
				GCC_WARN_64_TO_32_BIT_CONVERSION = YES;
				GCC_WARN_ABOUT_RETURN_TYPE = YES_ERROR;
				GCC_WARN_UNDECLARED_SELECTOR = YES;
				GCC_WARN_UNINITIALIZED_AUTOS = YES_AGGRESSIVE;
				GCC_WARN_UNUSED_FUNCTION = YES;
				GCC_WARN_UNUSED_VARIABLE = YES;
				IPHONEOS_DEPLOYMENT_TARGET = 15.0;
				MTL_ENABLE_DEBUG_INFO = NO;
				MTL_FAST_MATH = YES;
				SDKROOT = iphoneos;
				SWIFT_COMPILATION_MODE = wholemodule;
				SWIFT_OPTIMIZATION_LEVEL = "-O";
				VALIDATE_PRODUCT = YES;
			};
			name = Release;
		};
		1F4E52F92C2E83EE00610AB3 /* Debug */ = {
			isa = XCBuildConfiguration;
			buildSettings = {
				ASSETCATALOG_COMPILER_APPICON_NAME = AppIcon;
				ASSETCATALOG_COMPILER_GLOBAL_ACCENT_COLOR_NAME = AccentColor;
				CODE_SIGN_STYLE = Automatic;
				CURRENT_PROJECT_VERSION = 1;
				DEVELOPMENT_ASSET_PATHS = "\"QrCodeScanner/Preview Content\"";
				DEVELOPMENT_TEAM = RYNS47QW35;
				ENABLE_PREVIEWS = YES;
				GENERATE_INFOPLIST_FILE = YES;
				INFOPLIST_KEY_NSCameraUsageDescription = "Access Camera";
				INFOPLIST_KEY_UIApplicationSceneManifest_Generation = YES;
				INFOPLIST_KEY_UIApplicationSupportsIndirectInputEvents = YES;
				INFOPLIST_KEY_UILaunchScreen_Generation = YES;
				INFOPLIST_KEY_UISupportedInterfaceOrientations_iPad = "UIInterfaceOrientationPortrait UIInterfaceOrientationPortraitUpsideDown UIInterfaceOrientationLandscapeLeft UIInterfaceOrientationLandscapeRight";
				INFOPLIST_KEY_UISupportedInterfaceOrientations_iPhone = "UIInterfaceOrientationPortrait UIInterfaceOrientationLandscapeLeft UIInterfaceOrientationLandscapeRight";
				IPHONEOS_DEPLOYMENT_TARGET = 14.0;
				LD_RUNPATH_SEARCH_PATHS = (
					"$(inherited)",
					"@executable_path/Frameworks",
				);
				MARKETING_VERSION = 1.0;
				PRODUCT_BUNDLE_IDENTIFIER = Reapmind.QrCodeScanner;
				PRODUCT_NAME = "$(TARGET_NAME)";
				SWIFT_EMIT_LOC_STRINGS = YES;
				SWIFT_VERSION = 5.0;
				TARGETED_DEVICE_FAMILY = "1,2";
			};
			name = Debug;
		};
		1F4E52FA2C2E83EE00610AB3 /* Release */ = {
			isa = XCBuildConfiguration;
			buildSettings = {
				ASSETCATALOG_COMPILER_APPICON_NAME = AppIcon;
				ASSETCATALOG_COMPILER_GLOBAL_ACCENT_COLOR_NAME = AccentColor;
				CODE_SIGN_STYLE = Automatic;
				CURRENT_PROJECT_VERSION = 1;
				DEVELOPMENT_ASSET_PATHS = "\"QrCodeScanner/Preview Content\"";
				DEVELOPMENT_TEAM = RYNS47QW35;
				ENABLE_PREVIEWS = YES;
				GENERATE_INFOPLIST_FILE = YES;
				INFOPLIST_KEY_NSCameraUsageDescription = "Access Camera";
				INFOPLIST_KEY_UIApplicationSceneManifest_Generation = YES;
				INFOPLIST_KEY_UIApplicationSupportsIndirectInputEvents = YES;
				INFOPLIST_KEY_UILaunchScreen_Generation = YES;
				INFOPLIST_KEY_UISupportedInterfaceOrientations_iPad = "UIInterfaceOrientationPortrait UIInterfaceOrientationPortraitUpsideDown UIInterfaceOrientationLandscapeLeft UIInterfaceOrientationLandscapeRight";
				INFOPLIST_KEY_UISupportedInterfaceOrientations_iPhone = "UIInterfaceOrientationPortrait UIInterfaceOrientationLandscapeLeft UIInterfaceOrientationLandscapeRight";
				IPHONEOS_DEPLOYMENT_TARGET = 14.0;
				LD_RUNPATH_SEARCH_PATHS = (
					"$(inherited)",
					"@executable_path/Frameworks",
				);
				MARKETING_VERSION = 1.0;
				PRODUCT_BUNDLE_IDENTIFIER = Reapmind.QrCodeScanner;
				PRODUCT_NAME = "$(TARGET_NAME)";
				SWIFT_EMIT_LOC_STRINGS = YES;
				SWIFT_VERSION = 5.0;
				TARGETED_DEVICE_FAMILY = "1,2";
			};
			name = Release;
		};
/* End XCBuildConfiguration section */

/* Begin XCConfigurationList section */
		1F4E52E52C2E83E900610AB3 /* Build configuration list for PBXProject "QrCodeScanner" */ = {
			isa = XCConfigurationList;
			buildConfigurations = (
				1F4E52F62C2E83EE00610AB3 /* Debug */,
				1F4E52F72C2E83EE00610AB3 /* Release */,
			);
			defaultConfigurationIsVisible = 0;
			defaultConfigurationName = Release;
		};
		1F4E52F82C2E83EE00610AB3 /* Build configuration list for PBXNativeTarget "QrCodeScanner" */ = {
			isa = XCConfigurationList;
			buildConfigurations = (
				1F4E52F92C2E83EE00610AB3 /* Debug */,
				1F4E52FA2C2E83EE00610AB3 /* Release */,
			);
			defaultConfigurationIsVisible = 0;
			defaultConfigurationName = Release;
		};
/* End XCConfigurationList section */
	};
	rootObject = 1F4E52E22C2E83E900610AB3 /* Project object */;
}
